<?xml version="1.0" encoding="utf-8"?>
<Project ToolsVersion="4.0" xmlns="http://schemas.microsoft.com/developer/msbuild/2003">
  <ItemGroup>
    <Filter Include="Quelldateien">
      <UniqueIdentifier>{4FC737F1-C7A5-4376-A066-2A32D752A2FF}</UniqueIdentifier>
      <Extensions>cpp;c;cc;cxx;def;odl;idl;hpj;bat;asm;asmx</Extensions>
    </Filter>
    <Filter Include="Headerdateien">
      <UniqueIdentifier>{93995380-89BD-4b04-88EB-625FBE52EBFB}</UniqueIdentifier>
      <Extensions>h;hh;hpp;hxx;hm;inl;inc;xsd</Extensions>
    </Filter>
    <Filter Include="Ressourcendateien">
      <UniqueIdentifier>{67DA6AB6-F800-4c08-8B7A-83BB121AAD01}</UniqueIdentifier>
      <Extensions>rc;ico;cur;bmp;dlg;rc2;rct;bin;rgs;gif;jpg;jpeg;jpe;resx;tiff;tif;png;wav;mfcribbon-ms</Extensions>
    </Filter>
    <Filter Include="Quelldateien\GameObject">
      <UniqueIdentifier>{96cb99ff-1200-4f59-b04a-14f8a2e29834}</UniqueIdentifier>
    </Filter>
    <Filter Include="Headerdateien\MapLoader">
      <UniqueIdentifier>{911356cc-f268-4986-8bd1-75577b602efa}</UniqueIdentifier>
    </Filter>
    <Filter Include="Quelldateien\MapLoader">
      <UniqueIdentifier>{13cd3416-f41c-43d7-bf56-31c3bf3d56bf}</UniqueIdentifier>
    </Filter>
    <Filter Include="Headerdateien\PhysicEngine">
      <UniqueIdentifier>{93fda79c-b343-460f-82a6-99cf4a4f53f1}</UniqueIdentifier>
    </Filter>
    <Filter Include="Quelldateien\PhysicEngine">
      <UniqueIdentifier>{b9015802-ecae-44e6-b776-0bb4cd7d73ae}</UniqueIdentifier>
    </Filter>
    <Filter Include="Headerdateien\Components">
      <UniqueIdentifier>{5fa277e7-3402-46f6-8727-40117a209622}</UniqueIdentifier>
    </Filter>
    <Filter Include="Headerdateien\Components\GraphicComponents">
      <UniqueIdentifier>{36adb304-995b-49db-b23d-3eaf79e53141}</UniqueIdentifier>
    </Filter>
    <Filter Include="Headerdateien\Components\InputComponents">
      <UniqueIdentifier>{676ef225-da67-489e-97d2-53324d513202}</UniqueIdentifier>
    </Filter>
    <Filter Include="Headerdateien\Components\PhysicsComponents">
      <UniqueIdentifier>{855bf11d-e9d2-4565-9882-e0bd0cc33093}</UniqueIdentifier>
    </Filter>
    <Filter Include="Headerdateien\GameObjects">
      <UniqueIdentifier>{e2557d0a-0c5a-4677-a52c-3a65e67b7b71}</UniqueIdentifier>
    </Filter>
    <Filter Include="Quelldateien\Components">
      <UniqueIdentifier>{34cd7a75-bb33-489a-b697-d3bbfe1a5e34}</UniqueIdentifier>
    </Filter>
    <Filter Include="Quelldateien\Components\GraphicsComponents">
      <UniqueIdentifier>{d71b3ef7-f51e-40f6-968b-c8f4d9885d39}</UniqueIdentifier>
    </Filter>
    <Filter Include="Quelldateien\Components\InputComponents">
      <UniqueIdentifier>{acea5341-ff17-46c7-b935-0351253054e1}</UniqueIdentifier>
    </Filter>
    <Filter Include="Quelldateien\Components\PhysicsComponents">
      <UniqueIdentifier>{81799cae-e551-449a-9c93-b1acd79591bd}</UniqueIdentifier>
    </Filter>
    <Filter Include="Quelldateien\Menu">
      <UniqueIdentifier>{7fdf55bc-3d71-473a-838d-911d33038e92}</UniqueIdentifier>
    </Filter>
    <Filter Include="Headerdateien\Menu">
      <UniqueIdentifier>{86040872-2258-4fa6-b9de-0dc500bf6297}</UniqueIdentifier>
    </Filter>
  </ItemGroup>
  <ItemGroup>
    <ClCompile Include="BobNEve.cpp">
      <Filter>Quelldateien</Filter>
    </ClCompile>
    <ClCompile Include="InputComponentJoystick.cpp">
      <Filter>Quelldateien\Components\InputComponents</Filter>
    </ClCompile>
    <ClCompile Include="AssetManager.cpp">
      <Filter>Quelldateien</Filter>
    </ClCompile>
    <ClCompile Include="Game.cpp">
      <Filter>Quelldateien</Filter>
    </ClCompile>
    <ClCompile Include="PhysicManager.cpp">
      <Filter>Quelldateien</Filter>
    </ClCompile>
    <ClCompile Include="View.cpp">
      <Filter>Quelldateien</Filter>
    </ClCompile>
    <ClCompile Include="main.cpp">
      <Filter>Quelldateien</Filter>
    </ClCompile>
    <ClCompile Include="InputComponentKeyboard.cpp">
      <Filter>Quelldateien\Components\InputComponents</Filter>
    </ClCompile>
    <ClCompile Include="GameObject.cpp">
      <Filter>Quelldateien\GameObject</Filter>
    </ClCompile>
    <ClCompile Include="Renderer.cpp">
      <Filter>Quelldateien</Filter>
    </ClCompile>
    <ClCompile Include="Global.cpp">
      <Filter>Quelldateien</Filter>
    </ClCompile>
    <ClCompile Include="MapLoader.cpp">
      <Filter>Quelldateien\MapLoader</Filter>
    </ClCompile>
    <ClCompile Include="GraphicsComponentFade.cpp">
      <Filter>Quelldateien\Components\GraphicsComponents</Filter>
    </ClCompile>
    <ClCompile Include="GraphicsComponentAnimated.cpp">
      <Filter>Quelldateien\Components\GraphicsComponents</Filter>
    </ClCompile>
    <ClCompile Include="GraphicsComponent.cpp">
      <Filter>Quelldateien\Components\GraphicsComponents</Filter>
    </ClCompile>
    <ClCompile Include="InputComponent.cpp">
      <Filter>Quelldateien\Components\InputComponents</Filter>
    </ClCompile>
    <ClCompile Include="PhysicsComponentBase.cpp">
      <Filter>Quelldateien\Components\PhysicsComponents</Filter>
    </ClCompile>
    <ClCompile Include="PhysicsComponentStatic.cpp">
      <Filter>Quelldateien\Components\PhysicsComponents</Filter>
    </ClCompile>
    <ClCompile Include="PhysicsComponentDynamic.cpp">
      <Filter>Quelldateien\Components\PhysicsComponents</Filter>
    </ClCompile>
    <ClCompile Include="PhysicWorld.cpp">
      <Filter>Quelldateien\PhysicEngine</Filter>
    </ClCompile>
    <ClCompile Include="PhysicBodyBase.cpp">
      <Filter>Quelldateien\PhysicEngine</Filter>
    </ClCompile>
    <ClCompile Include="PhysicBodyStatic.cpp">
      <Filter>Quelldateien\PhysicEngine</Filter>
    </ClCompile>
    <ClCompile Include="PhysicBodyDynamic.cpp">
      <Filter>Quelldateien\PhysicEngine</Filter>
    </ClCompile>
    <ClCompile Include="FloatRect.cpp">
      <Filter>Quelldateien</Filter>
    </ClCompile>
    <ClCompile Include="Player.cpp">
      <Filter>Quelldateien\GameObject</Filter>
    </ClCompile>
    <ClCompile Include="Coin.cpp">
      <Filter>Quelldateien\GameObject</Filter>
    </ClCompile>
    <ClCompile Include="Enemy.cpp">
      <Filter>Quelldateien\GameObject</Filter>
    </ClCompile>
    <ClCompile Include="JumpPad.cpp">
      <Filter>Quelldateien\GameObject</Filter>
    </ClCompile>
    <ClCompile Include="Platform.cpp">
      <Filter>Quelldateien\GameObject</Filter>
    </ClCompile>
    <ClCompile Include="PhysicsComponentCoin.cpp">
      <Filter>Quelldateien\Components\PhysicsComponents</Filter>
    </ClCompile>
    <ClCompile Include="PhysicsComponentEnemy.cpp">
      <Filter>Quelldateien\Components\PhysicsComponents</Filter>
    </ClCompile>
    <ClCompile Include="PhysicsComponentPlayer.cpp">
      <Filter>Quelldateien\Components\PhysicsComponents</Filter>
    </ClCompile>
    <ClCompile Include="..\..\Bob%27n%27Eve\Bob%27n%27Eve\Score.cpp">
      <Filter>Quelldateien</Filter>
    </ClCompile>
    <ClCompile Include="..\..\Bob%27n%27Eve\Bob%27n%27Eve\MenuBase.cpp">
      <Filter>Quelldateien\Menu</Filter>
    </ClCompile>
    <ClCompile Include="..\..\Bob%27n%27Eve\Bob%27n%27Eve\MainMenu.cpp">
      <Filter>Quelldateien\Menu</Filter>
    </ClCompile>
    <ClCompile Include="..\..\Bob%27n%27Eve\Bob%27n%27Eve\LeaderBoard.cpp">
      <Filter>Quelldateien</Filter>
    </ClCompile>
    <ClCompile Include="..\..\Bob%27n%27Eve\Bob%27n%27Eve\Finish.cpp">
      <Filter>Quelldateien\GameObject</Filter>
    </ClCompile>
  </ItemGroup>
  <ItemGroup>
    <Library Include="lib\Box2D.lib" />
  </ItemGroup>
  <ItemGroup>
    <None Include="lib\box2d.pdb" />
  </ItemGroup>
  <ItemGroup>
    <ClInclude Include="BobNEve.h">
      <Filter>Headerdateien</Filter>
    </ClInclude>
    <ClInclude Include="AssetManager.h">
      <Filter>Headerdateien</Filter>
    </ClInclude>
    <ClInclude Include="Global.h">
      <Filter>Headerdateien</Filter>
    </ClInclude>
    <ClInclude Include="PhysicManager.h">
      <Filter>Headerdateien</Filter>
    </ClInclude>
    <ClInclude Include="Renderer.h">
      <Filter>Headerdateien</Filter>
    </ClInclude>
    <ClInclude Include="View.h">
      <Filter>Headerdateien</Filter>
    </ClInclude>
    <ClInclude Include="Game.h">
      <Filter>Headerdateien</Filter>
    </ClInclude>
    <ClInclude Include="GraphicsComponentAnimated.h">
      <Filter>Headerdateien\Components\GraphicComponents</Filter>
    </ClInclude>
    <ClInclude Include="InputComponentKeyboard.h">
      <Filter>Headerdateien\Components\InputComponents</Filter>
    </ClInclude>
    <ClInclude Include="InputComponentJoystick.h">
      <Filter>Headerdateien\Components\InputComponents</Filter>
    </ClInclude>
    <ClInclude Include="GameObject.h">
      <Filter>Headerdateien\GameObjects</Filter>
    </ClInclude>
    <ClInclude Include="Vector2f.h">
      <Filter>Headerdateien</Filter>
    </ClInclude>
    <ClInclude Include="MapLoader.h">
      <Filter>Headerdateien\MapLoader</Filter>
    </ClInclude>
    <ClInclude Include="TileSet.h">
      <Filter>Headerdateien\MapLoader</Filter>
    </ClInclude>
    <ClInclude Include="Tile.h">
      <Filter>Headerdateien\MapLoader</Filter>
    </ClInclude>
    <ClInclude Include="GraphicsComponentFade.h">
      <Filter>Headerdateien\Components\GraphicComponents</Filter>
    </ClInclude>
    <ClInclude Include="GraphicsComponent.h">
      <Filter>Headerdateien\Components\GraphicComponents</Filter>
    </ClInclude>
    <ClInclude Include="InputComponent.h">
      <Filter>Headerdateien\Components\InputComponents</Filter>
    </ClInclude>
    <ClInclude Include="PhysicsComponentBase.h">
      <Filter>Headerdateien\Components\PhysicsComponents</Filter>
    </ClInclude>
    <ClInclude Include="PhysicsComponentDynamic.h">
      <Filter>Headerdateien\Components\PhysicsComponents</Filter>
    </ClInclude>
    <ClInclude Include="PhysicsComponentStatic.h">
      <Filter>Headerdateien\Components\PhysicsComponents</Filter>
    </ClInclude>
    <ClInclude Include="Frame.h">
      <Filter>Headerdateien\Components\GraphicComponents</Filter>
    </ClInclude>
    <ClInclude Include="PhysicWorld.h">
      <Filter>Headerdateien\PhysicEngine</Filter>
    </ClInclude>
    <ClInclude Include="Object.h">
      <Filter>Headerdateien\MapLoader</Filter>
    </ClInclude>
    <ClInclude Include="PhysicBodyDef.h">
      <Filter>Headerdateien\PhysicEngine</Filter>
    </ClInclude>
    <ClInclude Include="PhysicBodyBase.h">
      <Filter>Headerdateien\PhysicEngine</Filter>
    </ClInclude>
    <ClInclude Include="PhysicBodyStatic.h">
      <Filter>Headerdateien\PhysicEngine</Filter>
    </ClInclude>
    <ClInclude Include="PhysicBodyDynamic.h">
      <Filter>Headerdateien\PhysicEngine</Filter>
    </ClInclude>
    <ClInclude Include="FloatRect.h">
      <Filter>Headerdateien</Filter>
    </ClInclude>
    <ClInclude Include="CollisionCallback.h">
      <Filter>Headerdateien\PhysicEngine</Filter>
    </ClInclude>
    <ClInclude Include="Coin.h">
      <Filter>Headerdateien\GameObjects</Filter>
    </ClInclude>
    <ClInclude Include="Enemy.h">
      <Filter>Headerdateien\GameObjects</Filter>
    </ClInclude>
    <ClInclude Include="Player.h">
      <Filter>Headerdateien\GameObjects</Filter>
    </ClInclude>
    <ClInclude Include="JumpPad.h">
      <Filter>Headerdateien\GameObjects</Filter>
    </ClInclude>
    <ClInclude Include="Platform.h">
      <Filter>Headerdateien\GameObjects</Filter>
    </ClInclude>
    <ClInclude Include="PhysicsComponentPlayer.h">
      <Filter>Headerdateien\Components\PhysicsComponents</Filter>
    </ClInclude>
    <ClInclude Include="PhysicsComponentCoin.h">
      <Filter>Headerdateien\Components\PhysicsComponents</Filter>
    </ClInclude>
    <ClInclude Include="PhysicsComponentEnemy.h">
      <Filter>Headerdateien\Components\PhysicsComponents</Filter>
    </ClInclude>
    <ClInclude Include="..\..\Bob%27n%27Eve\Bob%27n%27Eve\SOP.hpp">
      <Filter>Headerdateien</Filter>
    </ClInclude>
    <ClInclude Include="..\..\Bob%27n%27Eve\Bob%27n%27Eve\Score.h">
      <Filter>Headerdateien</Filter>
    </ClInclude>
    <ClInclude Include="..\..\Bob%27n%27Eve\Bob%27n%27Eve\MenuBase.h">
      <Filter>Headerdateien\Menu</Filter>
    </ClInclude>
    <ClInclude Include="..\..\Bob%27n%27Eve\Bob%27n%27Eve\MainMenu.h">
      <Filter>Headerdateien\Menu</Filter>
    </ClInclude>
    <ClInclude Include="..\..\Bob%27n%27Eve\Bob%27n%27Eve\LeaderBoard.h">
      <Filter>Headerdateien</Filter>
    </ClInclude>
    <ClInclude Include="..\..\Bob%27n%27Eve\Bob%27n%27Eve\Finish.h">
      <Filter>Headerdateien\GameObjects</Filter>
    </ClInclude>
  </ItemGroup>
</Project>