<?xml version="1.0" encoding="utf-8"?>
<Project ToolsVersion="4.0" xmlns="http://schemas.microsoft.com/developer/msbuild/2003">
  <ItemGroup>
    <Filter Include="Quelldateien">
      <UniqueIdentifier>{4FC737F1-C7A5-4376-A066-2A32D752A2FF}</UniqueIdentifier>
      <Extensions>cpp;c;cc;cxx;def;odl;idl;hpj;bat;asm;asmx</Extensions>
    </Filter>
    <Filter Include="Headerdateien">
      <UniqueIdentifier>{93995380-89BD-4b04-88EB-625FBE52EBFB}</UniqueIdentifier>
      <Extensions>h;hh;hpp;hxx;hm;inl;inc;xsd</Extensions>
    </Filter>
    <Filter Include="Ressourcendateien">
      <UniqueIdentifier>{67DA6AB6-F800-4c08-8B7A-83BB121AAD01}</UniqueIdentifier>
      <Extensions>rc;ico;cur;bmp;dlg;rc2;rct;bin;rgs;gif;jpg;jpeg;jpe;resx;tiff;tif;png;wav;mfcribbon-ms</Extensions>
    </Filter>
    <Filter Include="Headerdateien\GameObject">
      <UniqueIdentifier>{e2557d0a-0c5a-4677-a52c-3a65e67b7b71}</UniqueIdentifier>
    </Filter>
    <Filter Include="Headerdateien\GameObject\Enemy">
      <UniqueIdentifier>{a131dd8d-8ee8-44f5-9621-d3cdde1d017c}</UniqueIdentifier>
    </Filter>
    <Filter Include="Headerdateien\GameObject\Player">
      <UniqueIdentifier>{361dfd97-194a-4988-8cd4-138e1972506f}</UniqueIdentifier>
    </Filter>
    <Filter Include="Headerdateien\GameObject\Platform">
      <UniqueIdentifier>{b3a5729c-cb02-4b97-9429-dfb6b8a04959}</UniqueIdentifier>
    </Filter>
    <Filter Include="Quelldateien\GameObject">
      <UniqueIdentifier>{96cb99ff-1200-4f59-b04a-14f8a2e29834}</UniqueIdentifier>
    </Filter>
    <Filter Include="Quelldateien\GameObject\Enemy">
      <UniqueIdentifier>{7eb7d1df-fbf9-4652-bbea-68abb7c2c94d}</UniqueIdentifier>
    </Filter>
    <Filter Include="Quelldateien\GameObject\Player">
      <UniqueIdentifier>{f6e81e1f-5be7-485a-86b2-29213a38980d}</UniqueIdentifier>
    </Filter>
    <Filter Include="Quelldateien\GameObject\Platform">
      <UniqueIdentifier>{65116e14-fe4a-4cc9-b832-9b385a57ec7d}</UniqueIdentifier>
    </Filter>
    <Filter Include="Quelldateien\GameObject\Components">
      <UniqueIdentifier>{34cd7a75-bb33-489a-b697-d3bbfe1a5e34}</UniqueIdentifier>
    </Filter>
    <Filter Include="Headerdateien\GameObject\Components">
      <UniqueIdentifier>{5fa277e7-3402-46f6-8727-40117a209622}</UniqueIdentifier>
    </Filter>
    <Filter Include="Headerdateien\GameObject\Components\GraphicComponents">
      <UniqueIdentifier>{36adb304-995b-49db-b23d-3eaf79e53141}</UniqueIdentifier>
    </Filter>
    <Filter Include="Quelldateien\GameObject\Components\GraphicsComponents">
      <UniqueIdentifier>{d71b3ef7-f51e-40f6-968b-c8f4d9885d39}</UniqueIdentifier>
    </Filter>
    <Filter Include="Quelldateien\GameObject\Components\InputComponents">
      <UniqueIdentifier>{acea5341-ff17-46c7-b935-0351253054e1}</UniqueIdentifier>
    </Filter>
    <Filter Include="Quelldateien\GameObject\Components\PhysicsComponents">
      <UniqueIdentifier>{81799cae-e551-449a-9c93-b1acd79591bd}</UniqueIdentifier>
    </Filter>
    <Filter Include="Headerdateien\GameObject\Components\InputComponents">
      <UniqueIdentifier>{676ef225-da67-489e-97d2-53324d513202}</UniqueIdentifier>
    </Filter>
    <Filter Include="Headerdateien\GameObject\Components\PhysicsComponents">
      <UniqueIdentifier>{855bf11d-e9d2-4565-9882-e0bd0cc33093}</UniqueIdentifier>
    </Filter>
  </ItemGroup>
  <ItemGroup>
    <ClCompile Include="BobNEve.cpp">
      <Filter>Quelldateien</Filter>
    </ClCompile>
    <ClCompile Include="Player.cpp">
      <Filter>Quelldateien\GameObject\Player</Filter>
    </ClCompile>
    <ClCompile Include="GraphicsComponentBase.cpp">
      <Filter>Quelldateien\GameObject\Components\GraphicsComponents</Filter>
    </ClCompile>
    <ClCompile Include="PhysicsComponentBase.cpp">
      <Filter>Quelldateien\GameObject\Components\PhysicsComponents</Filter>
    </ClCompile>
    <ClCompile Include="InputComponentJoystick.cpp">
      <Filter>Quelldateien\GameObject\Components\InputComponents</Filter>
    </ClCompile>
    <ClCompile Include="AssetManager.cpp">
      <Filter>Quelldateien</Filter>
    </ClCompile>
    <ClCompile Include="Game.cpp">
      <Filter>Quelldateien</Filter>
    </ClCompile>
    <ClCompile Include="MapLoader.cpp">
      <Filter>Quelldateien</Filter>
    </ClCompile>
    <ClCompile Include="PhysicManager.cpp">
      <Filter>Quelldateien</Filter>
    </ClCompile>
    <ClCompile Include="View.cpp">
      <Filter>Quelldateien</Filter>
    </ClCompile>
    <ClCompile Include="main.cpp">
      <Filter>Quelldateien</Filter>
    </ClCompile>
    <ClCompile Include="GraphicsComponentAnimated.cpp">
      <Filter>Quelldateien\GameObject\Components\GraphicsComponents</Filter>
    </ClCompile>
    <ClCompile Include="GraphicsComponentStatic.cpp">
      <Filter>Quelldateien\GameObject\Components\GraphicsComponents</Filter>
    </ClCompile>
    <ClCompile Include="InputComponent.cpp">
      <Filter>Quelldateien\GameObject\Components\InputComponents</Filter>
    </ClCompile>
    <ClCompile Include="InputComponentBase.cpp">
      <Filter>Quelldateien\GameObject\Components\InputComponents</Filter>
    </ClCompile>
    <ClCompile Include="Enemy.cpp">
      <Filter>Quelldateien\GameObject\Enemy</Filter>
    </ClCompile>
    <ClCompile Include="GameObject.cpp">
      <Filter>Quelldateien\GameObject</Filter>
    </ClCompile>
    <ClCompile Include="Platform.cpp">
      <Filter>Quelldateien\GameObject\Platform</Filter>
    </ClCompile>
    <ClCompile Include="Renderer.cpp">
      <Filter>Quelldateien</Filter>
    </ClCompile>
    <ClCompile Include="Vector2f.cpp">
      <Filter>Quelldateien</Filter>
    </ClCompile>
    <ClCompile Include="Global.cpp">
      <Filter>Quelldateien</Filter>
    </ClCompile>
  </ItemGroup>
  <ItemGroup>
    <Library Include="lib\Box2D.lib" />
  </ItemGroup>
  <ItemGroup>
    <None Include="lib\box2d.pdb" />
  </ItemGroup>
  <ItemGroup>
    <ClInclude Include="BobNEve.h">
      <Filter>Headerdateien</Filter>
    </ClInclude>
    <ClInclude Include="Player.h">
      <Filter>Headerdateien\GameObject\Player</Filter>
    </ClInclude>
    <ClInclude Include="AssetManager.h">
      <Filter>Headerdateien</Filter>
    </ClInclude>
    <ClInclude Include="Global.h">
      <Filter>Headerdateien</Filter>
    </ClInclude>
    <ClInclude Include="MapLoader.h">
      <Filter>Headerdateien</Filter>
    </ClInclude>
    <ClInclude Include="PhysicManager.h">
      <Filter>Headerdateien</Filter>
    </ClInclude>
    <ClInclude Include="Renderer.h">
      <Filter>Headerdateien</Filter>
    </ClInclude>
    <ClInclude Include="View.h">
      <Filter>Headerdateien</Filter>
    </ClInclude>
    <ClInclude Include="Game.h">
      <Filter>Headerdateien</Filter>
    </ClInclude>
    <ClInclude Include="GraphicsComponentAnimated.h">
      <Filter>Headerdateien\GameObject\Components\GraphicComponents</Filter>
    </ClInclude>
    <ClInclude Include="GraphicsComponentStatic.h">
      <Filter>Headerdateien\GameObject\Components\GraphicComponents</Filter>
    </ClInclude>
    <ClInclude Include="GraphicsComponentBase.h">
      <Filter>Headerdateien\GameObject\Components\GraphicComponents</Filter>
    </ClInclude>
    <ClInclude Include="InputComponent.h">
      <Filter>Headerdateien\GameObject\Components\InputComponents</Filter>
    </ClInclude>
    <ClInclude Include="InputComponentBase.h">
      <Filter>Headerdateien\GameObject\Components\InputComponents</Filter>
    </ClInclude>
    <ClInclude Include="InputComponentJoystick.h">
      <Filter>Headerdateien\GameObject\Components\InputComponents</Filter>
    </ClInclude>
    <ClInclude Include="PhysicsComponentBase.h">
      <Filter>Headerdateien\GameObject\Components\PhysicsComponents</Filter>
    </ClInclude>
    <ClInclude Include="Platform.h">
      <Filter>Headerdateien\GameObject\Platform</Filter>
    </ClInclude>
    <ClInclude Include="Enemy.h">
      <Filter>Headerdateien\GameObject\Enemy</Filter>
    </ClInclude>
    <ClInclude Include="GameObject.h">
      <Filter>Headerdateien\GameObject</Filter>
    </ClInclude>
    <ClInclude Include="Vector2f.h">
      <Filter>Headerdateien</Filter>
    </ClInclude>
  </ItemGroup>
</Project>